
Microsoft Visual Studio Solution File, Format Version 12.00
# Visual Studio Version 17
VisualStudioVersion = 17.14.37314.3 d17.14
MinimumVisualStudioVersion = 10.0.40219.1
Project("{FAE04EC0-301F-11D3-BF4B-00C04F79EFBC}") = "Warehouse_Management_System", "Warehouse_Management_System\Warehouse_Management_System.csproj", "{16C246A0-8FDD-4621-8D92-EA3ED2ACAAA5}"
EndProject
Global
	GlobalSection(SolutionConfigurationPlatforms) = preSolution
		Debug|Any CPU = Debug|Any CPU
		Release|Any CPU = Release|Any CPU
	EndGlobalSection
	GlobalSection(ProjectConfigurationPlatforms) = postSolution
		{16C246A0-8FDD-4621-8D92-EA3ED2ACAAA5}.Debug|Any CPU.ActiveCfg = Debug|Any CPU
		{16C246A0-8FDD-4621-8D92-EA3ED2ACAAA5}.Debug|Any CPU.Build.0 = Debug|Any CPU
		{16C246A0-8FDD-4621-8D92-EA3ED2ACAAA5}.Release|Any CPU.ActiveCfg = Release|Any CPU
		{16C246A0-8FDD-4621-8D92-EA3ED2ACAAA5}.Release|Any CPU.Build.0 = Release|Any CPU
	EndGlobalSection
	GlobalSection(SolutionProperties) = preSolution
		HideSolutionNode = FALSE
	EndGlobalSection
	GlobalSection(ExtensibilityGlobals) = postSolution
		SolutionGuid = {FA0D7EB2-4E2B-4203-B875-0085FDFA9C52}
	EndGlobalSection
EndGlobal
